// !$*UTF8*$!
{
	archiveVersion = 1;
	classes = {
	};
	objectVersion = 51;
	objects = {

/* Begin PBXBuildFile section */
		84154CC6261507800064D87B /* AppDelegate.swift in Sources */ = {isa = PBXBuildFile; fileRef = 84154CC5261507800064D87B /* AppDelegate.swift */; };
		84154CC8261507800064D87B /* SceneDelegate.swift in Sources */ = {isa = PBXBuildFile; fileRef = 84154CC7261507800064D87B /* SceneDelegate.swift */; };
		84154CCA261507800064D87B /* SignInVC.swift in Sources */ = {isa = PBXBuildFile; fileRef = 84154CC9261507800064D87B /* SignInVC.swift */; };
		84154CCD261507800064D87B /* Main.storyboard in Resources */ = {isa = PBXBuildFile; fileRef = 84154CCB261507800064D87B /* Main.storyboard */; };
		84154CCF261507810064D87B /* Assets.xcassets in Resources */ = {isa = PBXBuildFile; fileRef = 84154CCE261507810064D87B /* Assets.xcassets */; };
		84154CD2261507810064D87B /* LaunchScreen.storyboard in Resources */ = {isa = PBXBuildFile; fileRef = 84154CD0261507810064D87B /* LaunchScreen.storyboard */; };
		843889AA2615080D00902AD6 /* GoogleService-Info.plist in Resources */ = {isa = PBXBuildFile; fileRef = 843889A92615080C00902AD6 /* GoogleService-Info.plist */; };
		845B34BA2618CC41007DEBAA /* UserSingleton.swift in Sources */ = {isa = PBXBuildFile; fileRef = 845B34B92618CC41007DEBAA /* UserSingleton.swift */; };
		845C2E6F2619BA980060843A /* FeedCell.swift in Sources */ = {isa = PBXBuildFile; fileRef = 845C2E6E2619BA980060843A /* FeedCell.swift */; };
		84607F5D26150B6D00F90960 /* FeedVC.swift in Sources */ = {isa = PBXBuildFile; fileRef = 84607F5C26150B6D00F90960 /* FeedVC.swift */; };
		84607F6026150B7B00F90960 /* UploadVC.swift in Sources */ = {isa = PBXBuildFile; fileRef = 84607F5F26150B7B00F90960 /* UploadVC.swift */; };
		84607F6326150B8B00F90960 /* SettingsVC.swift in Sources */ = {isa = PBXBuildFile; fileRef = 84607F6226150B8B00F90960 /* SettingsVC.swift */; };
		84607F6926150E3700F90960 /* SnapViewController.swift in Sources */ = {isa = PBXBuildFile; fileRef = 84607F6826150E3700F90960 /* SnapViewController.swift */; };
		84E8A821261A43A2005239E3 /* Snap.swift in Sources */ = {isa = PBXBuildFile; fileRef = 84E8A820261A43A2005239E3 /* Snap.swift */; };
		F59A7D9A959418AA532A315F /* Pods_SnapchatClone.framework in Frameworks */ = {isa = PBXBuildFile; fileRef = 2036BA087CA9B2A0447A4020 /* Pods_SnapchatClone.framework */; };
/* End PBXBuildFile section */

/* Begin PBXFileReference section */
		2036BA087CA9B2A0447A4020 /* Pods_SnapchatClone.framework */ = {isa = PBXFileReference; explicitFileType = wrapper.framework; includeInIndex = 0; path = Pods_SnapchatClone.framework; sourceTree = BUILT_PRODUCTS_DIR; };
		84154CC2261507800064D87B /* SnapchatClone.app */ = {isa = PBXFileReference; explicitFileType = wrapper.application; includeInIndex = 0; path = SnapchatClone.app; sourceTree = BUILT_PRODUCTS_DIR; };
		84154CC5261507800064D87B /* AppDelegate.swift */ = {isa = PBXFileReference; lastKnownFileType = sourcecode.swift; path = AppDelegate.swift; sourceTree = "<group>"; };
		84154CC7261507800064D87B /* SceneDelegate.swift */ = {isa = PBXFileReference; lastKnownFileType = sourcecode.swift; path = SceneDelegate.swift; sourceTree = "<group>"; };
		84154CC9261507800064D87B /* SignInVC.swift */ = {isa = PBXFileReference; lastKnownFileType = sourcecode.swift; path = SignInVC.swift; sourceTree = "<group>"; };
		84154CCC261507800064D87B /* Base */ = {isa = PBXFileReference; lastKnownFileType = file.storyboard; name = Base; path = Base.lproj/Main.storyboard; sourceTree = "<group>"; };
		84154CCE261507810064D87B /* Assets.xcassets */ = {isa = PBXFileReference; lastKnownFileType = folder.assetcatalog; path = Assets.xcassets; sourceTree = "<group>"; };
		84154CD1261507810064D87B /* Base */ = {isa = PBXFileReference; lastKnownFileType = file.storyboard; name = Base; path = Base.lproj/LaunchScreen.storyboard; sourceTree = "<group>"; };
		84154CD3261507810064D87B /* Info.plist */ = {isa = PBXFileReference; lastKnownFileType = text.plist.xml; path = Info.plist; sourceTree = "<group>"; };
		843889A92615080C00902AD6 /* GoogleService-Info.plist */ = {isa = PBXFileReference; fileEncoding = 4; lastKnownFileType = text.plist.xml; path = "GoogleService-Info.plist"; sourceTree = "<group>"; };
		845B34B92618CC41007DEBAA /* UserSingleton.swift */ = {isa = PBXFileReference; lastKnownFileType = sourcecode.swift; path = UserSingleton.swift; sourceTree = "<group>"; };
		845C2E6E2619BA980060843A /* FeedCell.swift */ = {isa = PBXFileReference; lastKnownFileType = sourcecode.swift; path = FeedCell.swift; sourceTree = "<group>"; };
		84607F5C26150B6D00F90960 /* FeedVC.swift */ = {isa = PBXFileReference; lastKnownFileType = sourcecode.swift; path = FeedVC.swift; sourceTree = "<group>"; };
		84607F5F26150B7B00F90960 /* UploadVC.swift */ = {isa = PBXFileReference; lastKnownFileType = sourcecode.swift; path = UploadVC.swift; sourceTree = "<group>"; };
		84607F6226150B8B00F90960 /* SettingsVC.swift */ = {isa = PBXFileReference; lastKnownFileType = sourcecode.swift; path = SettingsVC.swift; sourceTree = "<group>"; };
		84607F6826150E3700F90960 /* SnapViewController.swift */ = {isa = PBXFileReference; lastKnownFileType = sourcecode.swift; path = SnapViewController.swift; sourceTree = "<group>"; };
		84E8A820261A43A2005239E3 /* Snap.swift */ = {isa = PBXFileReference; lastKnownFileType = sourcecode.swift; path = Snap.swift; sourceTree = "<group>"; };
		CE4C99826E45D021FB0D3E58 /* Pods-SnapchatClone.debug.xcconfig */ = {isa = PBXFileReference; includeInIndex = 1; lastKnownFileType = text.xcconfig; name = "Pods-SnapchatClone.debug.xcconfig"; path = "Target Support Files/Pods-SnapchatClone/Pods-SnapchatClone.debug.xcconfig"; sourceTree = "<group>"; };
		F62EBB399812DAF366B6C8C7 /* Pods-SnapchatClone.release.xcconfig */ = {isa = PBXFileReference; includeInIndex = 1; lastKnownFileType = text.xcconfig; name = "Pods-SnapchatClone.release.xcconfig"; path = "Target Support Files/Pods-SnapchatClone/Pods-SnapchatClone.release.xcconfig"; sourceTree = "<group>"; };
/* End PBXFileReference section */

/* Begin PBXFrameworksBuildPhase section */
		84154CBF261507800064D87B /* Frameworks */ = {
			isa = PBXFrameworksBuildPhase;
			buildActionMask = 2147483647;
			files = (
				F59A7D9A959418AA532A315F /* Pods_SnapchatClone.framework in Frameworks */,
			);
			runOnlyForDeploymentPostprocessing = 0;
		};
/* End PBXFrameworksBuildPhase section */

/* Begin PBXGroup section */
		4D16D46F9CFC5D354A3E8424 /* Frameworks */ = {
			isa = PBXGroup;
			children = (
				2036BA087CA9B2A0447A4020 /* Pods_SnapchatClone.framework */,
			);
			name = Frameworks;
			sourceTree = "<group>";
		};
		79BDB3A6529CAA4F6A698000 /* Pods */ = {
			isa = PBXGroup;
			children = (
				CE4C99826E45D021FB0D3E58 /* Pods-SnapchatClone.debug.xcconfig */,
				F62EBB399812DAF366B6C8C7 /* Pods-SnapchatClone.release.xcconfig */,
			);
			path = Pods;
			sourceTree = "<group>";
		};
		84154CB9261507800064D87B = {
			isa = PBXGroup;
			children = (
				84154CC4261507800064D87B /* SnapchatClone */,
				84154CC3261507800064D87B /* Products */,
				79BDB3A6529CAA4F6A698000 /* Pods */,
				4D16D46F9CFC5D354A3E8424 /* Frameworks */,
			);
			sourceTree = "<group>";
		};
		84154CC3261507800064D87B /* Products */ = {
			isa = PBXGroup;
			children = (
				84154CC2261507800064D87B /* SnapchatClone.app */,
			);
			name = Products;
			sourceTree = "<group>";
		};
		84154CC4261507800064D87B /* SnapchatClone */ = {
			isa = PBXGroup;
			children = (
				845B34B82618CC2E007DEBAA /* Model */,
				84607F6626150BA900F90960 /* Delegates */,
				84607F6526150B9000F90960 /* View Controllers */,
				84154CCB261507800064D87B /* Main.storyboard */,
				84154CCE261507810064D87B /* Assets.xcassets */,
				84154CD0261507810064D87B /* LaunchScreen.storyboard */,
				84154CD3261507810064D87B /* Info.plist */,
				843889A92615080C00902AD6 /* GoogleService-Info.plist */,
				845C2E6E2619BA980060843A /* FeedCell.swift */,
			);
			path = SnapchatClone;
			sourceTree = "<group>";
		};
		845B34B82618CC2E007DEBAA /* Model */ = {
			isa = PBXGroup;
			children = (
				845B34B92618CC41007DEBAA /* UserSingleton.swift */,
				84E8A820261A43A2005239E3 /* Snap.swift */,
			);
			path = Model;
			sourceTree = "<group>";
		};
		84607F6526150B9000F90960 /* View Controllers */ = {
			isa = PBXGroup;
			children = (
				84154CC9261507800064D87B /* SignInVC.swift */,
				84607F5C26150B6D00F90960 /* FeedVC.swift */,
				84607F5F26150B7B00F90960 /* UploadVC.swift */,
				84607F6226150B8B00F90960 /* SettingsVC.swift */,
				84607F6826150E3700F90960 /* SnapViewController.swift */,
			);
			path = "View Controllers";
			sourceTree = "<group>";
		};
		84607F6626150BA900F90960 /* Delegates */ = {
			isa = PBXGroup;
			children = (
				84154CC5261507800064D87B /* AppDelegate.swift */,
				84154CC7261507800064D87B /* SceneDelegate.swift */,
			);
			path = Delegates;
			sourceTree = "<group>";
		};
/* End PBXGroup section */

/* Begin PBXNativeTarget section */
		84154CC1261507800064D87B /* SnapchatClone */ = {
			isa = PBXNativeTarget;
			buildConfigurationList = 84154CD6261507810064D87B /* Build configuration list for PBXNativeTarget "SnapchatClone" */;
			buildPhases = (
				E828A89006F73F2AB123FCD1 /* [CP] Check Pods Manifest.lock */,
				84154CBE261507800064D87B /* Sources */,
				84154CBF261507800064D87B /* Frameworks */,
				84154CC0261507800064D87B /* Resources */,
				744997836A70F3007528E6A8 /* [CP] Embed Pods Frameworks */,
			);
			buildRules = (
			);
			dependencies = (
			);
			name = SnapchatClone;
			productName = SnapchatClone;
			productReference = 84154CC2261507800064D87B /* SnapchatClone.app */;
			productType = "com.apple.product-type.application";
		};
/* End PBXNativeTarget section */

/* Begin PBXProject section */
		84154CBA261507800064D87B /* Project object */ = {
			isa = PBXProject;
			attributes = {
				LastSwiftUpdateCheck = 1230;
				LastUpgradeCheck = 1230;
				TargetAttributes = {
					84154CC1261507800064D87B = {
						CreatedOnToolsVersion = 12.3;
					};
				};
			};
			buildConfigurationList = 84154CBD261507800064D87B /* Build configuration list for PBXProject "SnapchatClone" */;
			compatibilityVersion = "Xcode 9.3";
			developmentRegion = en;
			hasScannedForEncodings = 0;
			knownRegions = (
				en,
				Base,
			);
			mainGroup = 84154CB9261507800064D87B;
			productRefGroup = 84154CC3261507800064D87B /* Products */;
			projectDirPath = "";
			projectRoot = "";
			targets = (
				84154CC1261507800064D87B /* SnapchatClone */,
			);
		};
/* End PBXProject section */

/* Begin PBXResourcesBuildPhase section */
		84154CC0261507800064D87B /* Resources */ = {
			isa = PBXResourcesBuildPhase;
			buildActionMask = 2147483647;
			files = (
				84154CD2261507810064D87B /* LaunchScreen.storyboard in Resources */,
				843889AA2615080D00902AD6 /* GoogleService-Info.plist in Resources */,
				84154CCF261507810064D87B /* Assets.xcassets in Resources */,
				84154CCD261507800064D87B /* Main.storyboard in Resources */,
			);
			runOnlyForDeploymentPostprocessing = 0;
		};
/* End PBXResourcesBuildPhase section */

/* Begin PBXShellScriptBuildPhase section */
		744997836A70F3007528E6A8 /* [CP] Embed Pods Frameworks */ = {
			isa = PBXShellScriptBuildPhase;
			buildActionMask = 2147483647;
			files = (
			);
			inputFileListPaths = (
				"${PODS_ROOT}/Target Support Files/Pods-SnapchatClone/Pods-SnapchatClone-frameworks-${CONFIGURATION}-input-files.xcfilelist",
			);
			name = "[CP] Embed Pods Frameworks";
			outputFileListPaths = (
				"${PODS_ROOT}/Target Support Files/Pods-SnapchatClone/Pods-SnapchatClone-frameworks-${CONFIGURATION}-output-files.xcfilelist",
			);
			runOnlyForDeploymentPostprocessing = 0;
			shellPath = /bin/sh;
			shellScript = "\"${PODS_ROOT}/Target Support Files/Pods-SnapchatClone/Pods-SnapchatClone-frameworks.sh\"\n";
			showEnvVarsInLog = 0;
		};
		E828A89006F73F2AB123FCD1 /* [CP] Check Pods Manifest.lock */ = {
			isa = PBXShellScriptBuildPhase;
			buildActionMask = 2147483647;
			files = (
			);
			inputFileListPaths = (
			);
			inputPaths = (
				"${PODS_PODFILE_DIR_PATH}/Podfile.lock",
				"${PODS_ROOT}/Manifest.lock",
			);
			name = "[CP] Check Pods Manifest.lock";
			outputFileListPaths = (
			);
			outputPaths = (
				"$(DERIVED_FILE_DIR)/Pods-SnapchatClone-checkManifestLockResult.txt",
			);
			runOnlyForDeploymentPostprocessing = 0;
			shellPath = /bin/sh;
			shellScript = "diff \"${PODS_PODFILE_DIR_PATH}/Podfile.lock\" \"${PODS_ROOT}/Manifest.lock\" > /dev/null\nif [ $? != 0 ] ; then\n    # print error to STDERR\n    echo \"error: The sandbox is not in sync with the Podfile.lock. Run 'pod install' or update your CocoaPods installation.\" >&2\n    exit 1\nfi\n# This output is used by Xcode 'outputs' to avoid re-running this script phase.\necho \"SUCCESS\" > \"${SCRIPT_OUTPUT_FILE_0}\"\n";
			showEnvVarsInLog = 0;
		};
/* End PBXShellScriptBuildPhase section */

/* Begin PBXSourcesBuildPhase section */
		84154CBE261507800064D87B /* Sources */ = {
			isa = PBXSourcesBuildPhase;
			buildActionMask = 2147483647;
			files = (
				845B34BA2618CC41007DEBAA /* UserSingleton.swift in Sources */,
				84E8A821261A43A2005239E3 /* Snap.swift in Sources */,
				84607F5D26150B6D00F90960 /* FeedVC.swift in Sources */,
				84154CCA261507800064D87B /* SignInVC.swift in Sources */,
				84154CC6261507800064D87B /* AppDelegate.swift in Sources */,
				84607F6026150B7B00F90960 /* UploadVC.swift in Sources */,
				84607F6926150E3700F90960 /* SnapViewController.swift in Sources */,
				84154CC8261507800064D87B /* SceneDelegate.swift in Sources */,
				84607F6326150B8B00F90960 /* SettingsVC.swift in Sources */,
				845C2E6F2619BA980060843A /* FeedCell.swift in Sources */,
			);
			runOnlyForDeploymentPostprocessing = 0;
		};
/* End PBXSourcesBuildPhase section */

/* Begin PBXVariantGroup section */
		84154CCB261507800064D87B /* Main.storyboard */ = {
			isa = PBXVariantGroup;
			children = (
				84154CCC261507800064D87B /* Base */,
			);
			name = Main.storyboard;
			sourceTree = "<group>";
		};
		84154CD0261507810064D87B /* LaunchScreen.storyboard */ = {
			isa = PBXVariantGroup;
			children = (
				84154CD1261507810064D87B /* Base */,
			);
			name = LaunchScreen.storyboard;
			sourceTree = "<group>";
		};
/* End PBXVariantGroup section */

/* Begin XCBuildConfiguration section */
		84154CD4261507810064D87B /* Debug */ = {
			isa = XCBuildConfiguration;
			buildSettings = {
				ALWAYS_SEARCH_USER_PATHS = NO;
				CLANG_ANALYZER_NONNULL = YES;
				CLANG_ANALYZER_NUMBER_OBJECT_CONVERSION = YES_AGGRESSIVE;
				CLANG_CXX_LANGUAGE_STANDARD = "gnu++14";
				CLANG_CXX_LIBRARY = "libc++";
				CLANG_ENABLE_MODULES = YES;
				CLANG_ENABLE_OBJC_ARC = YES;
				CLANG_ENABLE_OBJC_WEAK = YES;
				CLANG_WARN_BLOCK_CAPTURE_AUTORELEASING = YES;
				CLANG_WARN_BOOL_CONVERSION = YES;
				CLANG_WARN_COMMA = YES;
				CLANG_WARN_CONSTANT_CONVERSION = YES;
				CLANG_WARN_DEPRECATED_OBJC_IMPLEMENTATIONS = YES;
				CLANG_WARN_DIRECT_OBJC_ISA_USAGE = YES_ERROR;
				CLANG_WARN_DOCUMENTATION_COMMENTS = YES;
				CLANG_WARN_EMPTY_BODY = YES;
				CLANG_WARN_ENUM_CONVERSION = YES;
				CLANG_WARN_INFINITE_RECURSION = YES;
				CLANG_WARN_INT_CONVERSION = YES;
				CLANG_WARN_NON_LITERAL_NULL_CONVERSION = YES;
				CLANG_WARN_OBJC_IMPLICIT_RETAIN_SELF = YES;
				CLANG_WARN_OBJC_LITERAL_CONVERSION = YES;
				CLANG_WARN_OBJC_ROOT_CLASS = YES_ERROR;
				CLANG_WARN_QUOTED_INCLUDE_IN_FRAMEWORK_HEADER = YES;
				CLANG_WARN_RANGE_LOOP_ANALYSIS = YES;
				CLANG_WARN_STRICT_PROTOTYPES = YES;
				CLANG_WARN_SUSPICIOUS_MOVE = YES;
				CLANG_WARN_UNGUARDED_AVAILABILITY = YES_AGGRESSIVE;
				CLANG_WARN_UNREACHABLE_CODE = YES;
				CLANG_WARN__DUPLICATE_METHOD_MATCH = YES;
				COPY_PHASE_STRIP = NO;
				DEBUG_INFORMATION_FORMAT = dwarf;
				ENABLE_STRICT_OBJC_MSGSEND = YES;
				ENABLE_TESTABILITY = YES;
				GCC_C_LANGUAGE_STANDARD = gnu11;
				GCC_DYNAMIC_NO_PIC = NO;
				GCC_NO_COMMON_BLOCKS = YES;
				GCC_OPTIMIZATION_LEVEL = 0;
				GCC_PREPROCESSOR_DEFINITIONS = (
					"DEBUG=1",
					"$(inherited)",
				);
				GCC_WARN_64_TO_32_BIT_CONVERSION = YES;
				GCC_WARN_ABOUT_RETURN_TYPE = YES_ERROR;
				GCC_WARN_UNDECLARED_SELECTOR = YES;
				GCC_WARN_UNINITIALIZED_AUTOS = YES_AGGRESSIVE;
				GCC_WARN_UNUSED_FUNCTION = YES;
				GCC_WARN_UNUSED_VARIABLE = YES;
				IPHONEOS_DEPLOYMENT_TARGET = 14.3;
				MTL_ENABLE_DEBUG_INFO = INCLUDE_SOURCE;
				MTL_FAST_MATH = YES;
				ONLY_ACTIVE_ARCH = YES;
				SDKROOT = iphoneos;
				SWIFT_ACTIVE_COMPILATION_CONDITIONS = DEBUG;
				SWIFT_OPTIMIZATION_LEVEL = "-Onone";
			};
			name = Debug;
		};
		84154CD5261507810064D87B /* Release */ = {
			isa = XCBuildConfiguration;
			buildSettings = {
				ALWAYS_SEARCH_USER_PATHS = NO;
				CLANG_ANALYZER_NONNULL = YES;
				CLANG_ANALYZER_NUMBER_OBJECT_CONVERSION = YES_AGGRESSIVE;
				CLANG_CXX_LANGUAGE_STANDARD = "gnu++14";
				CLANG_CXX_LIBRARY = "libc++";
				CLANG_ENABLE_MODULES = YES;
				CLANG_ENABLE_OBJC_ARC = YES;
				CLANG_ENABLE_OBJC_WEAK = YES;
				CLANG_WARN_BLOCK_CAPTURE_AUTORELEASING = YES;
				CLANG_WARN_BOOL_CONVERSION = YES;
				CLANG_WARN_COMMA = YES;
				CLANG_WARN_CONSTANT_CONVERSION = YES;
				CLANG_WARN_DEPRECATED_OBJC_IMPLEMENTATIONS = YES;
				CLANG_WARN_DIRECT_OBJC_ISA_USAGE = YES_ERROR;
				CLANG_WARN_DOCUMENTATION_COMMENTS = YES;
				CLANG_WARN_EMPTY_BODY = YES;
				CLANG_WARN_ENUM_CONVERSION = YES;
				CLANG_WARN_INFINITE_RECURSION = YES;
				CLANG_WARN_INT_CONVERSION = YES;
				CLANG_WARN_NON_LITERAL_NULL_CONVERSION = YES;
				CLANG_WARN_OBJC_IMPLICIT_RETAIN_SELF = YES;
				CLANG_WARN_OBJC_LITERAL_CONVERSION = YES;
				CLANG_WARN_OBJC_ROOT_CLASS = YES_ERROR;
				CLANG_WARN_QUOTED_INCLUDE_IN_FRAMEWORK_HEADER = YES;
				CLANG_WARN_RANGE_LOOP_ANALYSIS = YES;
				CLANG_WARN_STRICT_PROTOTYPES = YES;
				CLANG_WARN_SUSPICIOUS_MOVE = YES;
				CLANG_WARN_UNGUARDED_AVAILABILITY = YES_AGGRESSIVE;
				CLANG_WARN_UNREACHABLE_CODE = YES;
				CLANG_WARN__DUPLICATE_METHOD_MATCH = YES;
				COPY_PHASE_STRIP = NO;
				DEBUG_INFORMATION_FORMAT = "dwarf-with-dsym";
				ENABLE_NS_ASSERTIONS = NO;
				ENABLE_STRICT_OBJC_MSGSEND = YES;
				GCC_C_LANGUAGE_STANDARD = gnu11;
				GCC_NO_COMMON_BLOCKS = YES;
				GCC_WARN_64_TO_32_BIT_CONVERSION = YES;
				GCC_WARN_ABOUT_RETURN_TYPE = YES_ERROR;
				GCC_WARN_UNDECLARED_SELECTOR = YES;
				GCC_WARN_UNINITIALIZED_AUTOS = YES_AGGRESSIVE;
				GCC_WARN_UNUSED_FUNCTION = YES;
				GCC_WARN_UNUSED_VARIABLE = YES;
				IPHONEOS_DEPLOYMENT_TARGET = 14.3;
				MTL_ENABLE_DEBUG_INFO = NO;
				MTL_FAST_MATH = YES;
				SDKROOT = iphoneos;
				SWIFT_COMPILATION_MODE = wholemodule;
				SWIFT_OPTIMIZATION_LEVEL = "-O";
				VALIDATE_PRODUCT = YES;
			};
			name = Release;
		};
		84154CD7261507810064D87B /* Debug */ = {
			isa = XCBuildConfiguration;
			baseConfigurationReference = CE4C99826E45D021FB0D3E58 /* Pods-SnapchatClone.debug.xcconfig */;
			buildSettings = {
				ASSETCATALOG_COMPILER_APPICON_NAME = AppIcon;
				ASSETCATALOG_COMPILER_GLOBAL_ACCENT_COLOR_NAME = AccentColor;
				CODE_SIGN_STYLE = Automatic;
				DEVELOPMENT_TEAM = 5KYS7729G6;
				INFOPLIST_FILE = SnapchatClone/Info.plist;
				LD_RUNPATH_SEARCH_PATHS = (
					"$(inherited)",
					"@executable_path/Frameworks",
				);
				PRODUCT_BUNDLE_IDENTIFIER = com.DevCompany.SnapchatClone;
				PRODUCT_NAME = "$(TARGET_NAME)";
				SWIFT_VERSION = 5.0;
				TARGETED_DEVICE_FAMILY = "1,2";
			};
			name = Debug;
		};
		84154CD8261507810064D87B /* Release */ = {
			isa = XCBuildConfiguration;
			baseConfigurationReference = F62EBB399812DAF366B6C8C7 /* Pods-SnapchatClone.release.xcconfig */;
			buildSettings = {
				ASSETCATALOG_COMPILER_APPICON_NAME = AppIcon;
				ASSETCATALOG_COMPILER_GLOBAL_ACCENT_COLOR_NAME = AccentColor;
				CODE_SIGN_STYLE = Automatic;
				DEVELOPMENT_TEAM = 5KYS7729G6;
				INFOPLIST_FILE = SnapchatClone/Info.plist;
				LD_RUNPATH_SEARCH_PATHS = (
					"$(inherited)",
					"@executable_path/Frameworks",
				);
				PRODUCT_BUNDLE_IDENTIFIER = com.DevCompany.SnapchatClone;
				PRODUCT_NAME = "$(TARGET_NAME)";
				SWIFT_VERSION = 5.0;
				TARGETED_DEVICE_FAMILY = "1,2";
			};
			name = Release;
		};
/* End XCBuildConfiguration section */

/* Begin XCConfigurationList section */
		84154CBD261507800064D87B /* Build configuration list for PBXProject "SnapchatClone" */ = {
			isa = XCConfigurationList;
			buildConfigurations = (
				84154CD4261507810064D87B /* Debug */,
				84154CD5261507810064D87B /* Release */,
			);
			defaultConfigurationIsVisible = 0;
			defaultConfigurationName = Release;
		};
		84154CD6261507810064D87B /* Build configuration list for PBXNativeTarget "SnapchatClone" */ = {
			isa = XCConfigurationList;
			buildConfigurations = (
				84154CD7261507810064D87B /* Debug */,
				84154CD8261507810064D87B /* Release */,
			);
			defaultConfigurationIsVisible = 0;
			defaultConfigurationName = Release;
		};
/* End XCConfigurationList section */
	};
	rootObject = 84154CBA261507800064D87B /* Project object */;
}
